# Fully pinned CDISC CORE 0.16.0 runtime closure for CPython 3.12 on POSIX.
# Generated from cached PyPI Simple API metadata on 2026-08-24.
# Wheels are required for every project except titlecase, whose upstream 2.4.1
# release is source-only; install requirements-core-build.lock first and use
# --no-build-isolation so its build backend cannot fetch undeclared dependencies.
altgraph==0.17.5 \
    --hash=sha256:f3a22400bce1b0c701683820ac4f3b159cd301acab067c51c653e06961600597
async-timeout==5.0.1 \
    --hash=sha256:39e3809566ff85354557ec2398b55e096c8364bacac9405a7a1fa429e77fe76c
attrs==26.1.0 \
    --hash=sha256:c647aa4a12dfbad9333ca4e71fe62ddc36f4e63b2d260a37a8b83d2f043ac309
business-rules-enhanced==1.4.8 \
    --hash=sha256:b02c8cf919b40dcb6b8da22d5f4f499da635a96546ae01dac55d663325aa90f8
cachetools==6.1.0 \
    --hash=sha256:1c7bb3cf9193deaf3508b7c5f2a79986c13ea38965c5adcff1f84519cf39163e
cdisc-library-client==0.1.6 \
    --hash=sha256:701fd27c29b3255ccadf3db717b2e68ec2d8edc9992782b7eeb130fe09175e09
cdisc-rules-engine==0.16.0 \
    --hash=sha256:aeb562748d085e31949226c38749c0fca3724a3be9c24c372493875bc394ac2f
cerberus==1.3.8 \
    --hash=sha256:46c029e3e2a4735408ed36bec14ef2cbf3e50d8ebe47fb34ee1e54b2da814df2
certifi==2026.5.20 \
    --hash=sha256:3c52e209ba0a4ad7aebe60436a4ab349c39e1e602e8c134221e546902ad25897
charset-normalizer==3.4.7 \
    --hash=sha256:0f7eb884681e3938906ed0434f20c63046eacd0111c4ba96f27b76084cd679f5 \
    --hash=sha256:203104ed3e428044fd943bc4bf45fa73c0730391f9621e37fe39ecf477b128cb \
    --hash=sha256:2257141f39fe65a3fdf38aeccae4b953e5f3b3324f4ff0daf9f15b8518666a2c \
    --hash=sha256:298930cec56029e05497a76988377cbd7457ba864beeea92ad7e844fe74cd1f1 \
    --hash=sha256:3dce51d0f5e7951f8bb4900c257dad282f49190fdbebecd4ba99bcc41fef404d \
    --hash=sha256:4dc1e73c36828f982bfe79fadf5919923f8a6f4df2860804db9a98c48824ce8d \
    --hash=sha256:5649fd1c7bade02f320a462fdefd0b4bd3ce036065836d4f42e0de958038e116 \
    --hash=sha256:56be790f86bfb2c98fb742ce566dfb4816e5a83384616ab59c49e0604d49c51d \
    --hash=sha256:5ed6ab538499c8644b8a3e18debabcd7ce684f3fa91cf867521a7a0279cab2d6 \
    --hash=sha256:6178f72c5508bfc5fd446a5905e698c6212932f25bcdd4b47a757a50605a90e2 \
    --hash=sha256:708838739abf24b2ceb208d0e22403dd018faeef86ddac04319a62ae884c4f15 \
    --hash=sha256:aed52fea0513bac0ccde438c188c8a471c4e0f457c2dd20cdbf6ea7a450046c7 \
    --hash=sha256:bb6d88045545b26da47aa879dd4a89a71d1dce0f0e549b1abcb31dfe4a8eac49 \
    --hash=sha256:e1421b502d83040e6d7fb2fb18dff63957f720da3d77b2fbd3187ceb63755d7b \
    --hash=sha256:eca9705049ad3c7345d574e3510665cb2cf844c2f2dcfe675332677f081cbd46 \
    --hash=sha256:edac0f1ab77644605be2cbba52e6b7f630731fc42b34cb0f634be1a6eface56a \
    --hash=sha256:fea24543955a6a729c45a73fe90e08c743f0b3334bbf3201e6c4bc1b0c7fa464
click==8.1.7 \
    --hash=sha256:ae74fb96c20a0277a1d615f1e4d73c8414f5a98db8b799a7931d1582f3390c28
cloudpickle==3.1.2 \
    --hash=sha256:9acb47f6afd73f60dc1df93bb801b472f05ff42fa6c84167d25cb206be1fbf4a
cramjam==2.11.0 \
    --hash=sha256:092a3ec26e0a679305018380e4f652eae1b6dfe3fc3b154ee76aa6b92221a17c \
    --hash=sha256:11eb40722b3fcf3e6890fba46c711bf60f8dc26360a24876c85e52d76c33b25b \
    --hash=sha256:193c6488bd2f514cbc0bef5c18fad61a5f9c8d059dd56edf773b3b37f0e85496 \
    --hash=sha256:2fa2fe41f48c4d58d923803383b0737f048918b5a0d10390de9628bb6272b107 \
    --hash=sha256:309e95bf898829476bccf4fd2c358ec00e7ff73a12f95a3cdeeba4bb1d3683d5 \
    --hash=sha256:4f8d82081ed7d8fe52c982bd1f06e4c7631a73fe1fb6d4b3b3f2404f87dc40fe \
    --hash=sha256:514e2c008a8b4fa823122ca3ecab896eac41d9aa0f5fc881bd6264486c204e32 \
    --hash=sha256:529d6d667c65fd105d10bd83d1cd3f9869f8fd6c66efac9415c1812281196a92 \
    --hash=sha256:53fed080476d5f6ad7505883ec5d1ec28ba36c2273db3b3e92d7224fe5e463db \
    --hash=sha256:555eb9c90c450e0f76e27d9ff064e64a8b8c6478ab1a5594c91b7bc5c82fd9f0 \
    --hash=sha256:5edf4c9e32493035b514cf2ba0c969d81ccb31de63bd05490cc8bfe3b431674e \
    --hash=sha256:86dca35d2f15ef22922411496c220f3c9e315d5512f316fe417461971cc1648d \
    --hash=sha256:9ca14cf1cabdb0b77d606db1bb9e9ca593b1dbd421fcaf251ec9a5431ec449f3 \
    --hash=sha256:aeb26e2898994b6e8319f19a4d37c481512acdcc6d30e1b5ecc9d8ec57e835cb \
    --hash=sha256:dba5c14b8b4f73ea1e65720f5a3fe4280c1d27761238378be8274135c60bbc6e
dask==2024.6.0 \
    --hash=sha256:de0ced6cd46dbc6c01120c8870457af46d667940805a4be063a74dd467466804
dask-expr==1.1.3 \
    --hash=sha256:e6ad2fab9ffe7dbe0fc52451b5a0dc5588f36cd5677168cfb0b73c70f05e465f
elementpath==5.1.2 \
    --hash=sha256:dd35750b3f0d2b4df553d5ef2101011cde6a0e8080c51110765b5853e02aac8e
et-xmlfile==2.0.0 \
    --hash=sha256:7a91720bc756843502c3b7504c77b8fe44217c85c537d85037f0f536151b2caa
fastparquet==2024.2.0 \
    --hash=sha256:42babeafac01ab24ea1edc7f626c0744c312d60ba6a7189b08c8e7d1c374bfd3 \
    --hash=sha256:b7a620b87e83c098a46611b901c456403c9a04ba526e4a615750d6704092e1eb \
    --hash=sha256:c26266910e42190f3ba043647b4c1e37e8626981a0366432a498bdf1e10c0bd1 \
    --hash=sha256:cebc1adc7c3a1aed70c752f3fde5e4df094dafba24e60d6501d7963e77047e7e \
    --hash=sha256:e6f544d65b9f826a149010e3fd5121510e0a1a44c62f1b274aea4a41a8f3dbcd \
    --hash=sha256:ee37d9273e383811f10bd379990851b53df606cfaa046cae53826b6b14f0a33d
fsspec==2026.6.0 \
    --hash=sha256:02e0b71817df9b2169dc30a16832045764def1191b43dcff5bb85bdee212d2a1
idna==3.18 \
    --hash=sha256:7f952cbe720b688055e3f87de14f5c3e5fdaa8bc3928985c4077ca689de849a2
importlib-metadata==8.5.0 \
    --hash=sha256:45e54197d28b7a7f1559e60b95e7c567032b602131fbd588f1497f47880aa68b
jsonata-python==0.6.0 \
    --hash=sha256:79b11f9b3667ccdec04b4b94ba5ed2194538215e9b0470e4cd620ec10e9b84ae
jsonpath-ng==1.6.1 \
    --hash=sha256:8f22cd8273d7772eea9aaa84d922e0841aa36fdb8a2c6b7f6c3791a16a9bc0be
jsonschema==4.18.5 \
    --hash=sha256:c6b4c2b83389e504717f2392adbc74bc9ed07341ae0ced18dde132f3a7f70a5b
jsonschema-specifications==2025.9.1 \
    --hash=sha256:98802fee3a11ee76ecaca44429fda8a41bff98b00a0f2838151b113f210cc6fe
locket==1.0.0 \
    --hash=sha256:b6c819a722f7b6bd955b80781788e4a66a55628b858d347536b7e81325a3a5e3
lxml==5.2.1 \
    --hash=sha256:057cdc6b86ab732cf361f8b4d8af87cf195a1f6dc5b0ff3de2dced242c2015e0 \
    --hash=sha256:0e7259016bc4345a31af861fdce942b77c99049d6c2107ca07dc2bba2435c1d9 \
    --hash=sha256:3a74c4f27167cb95c1d4af1c0b59e88b7f3e0182138db2501c353555f7ec57f4 \
    --hash=sha256:44f6c7caff88d988db017b9b0e4ab04934f11e3e72d478031efc7edcac6c622f \
    --hash=sha256:491755202eb21a5e350dae00c6d9a17247769c64dcf62d8c788b5c135e179dc4 \
    --hash=sha256:530e7c04f72002d2f334d5257c8a51bf409db0316feee7c87e4385043be136af \
    --hash=sha256:59689a75ba8d7ffca577aefd017d08d659d86ad4585ccc73e43edbfc7476781a \
    --hash=sha256:68a2610dbe138fa8c5826b3f6d98a7cfc29707b850ddcc3e21910a6fe51f6ca0 \
    --hash=sha256:6935bbf153f9a965f1e07c2649c0849d29832487c52bb4a5c5066031d8b44fd5 \
    --hash=sha256:71e97313406ccf55d32cc98a533ee05c61e15d11b99215b237346171c179c0b0 \
    --hash=sha256:79bd05260359170f78b181b59ce871673ed01ba048deef4bf49a36ab3e72e80b \
    --hash=sha256:865bad62df277c04beed9478fe665b9ef63eb28fe026d5dedcb89b537d2e2ea6 \
    --hash=sha256:8de8f9d6caa7f25b204fc861718815d41cbcf27ee8f028c89c882a0cf4ae4134 \
    --hash=sha256:abc25c3cab9ec7fcd299b9bcb3b8d4a1231877e425c650fa1c7576c5107ab851 \
    --hash=sha256:afd5562927cdef7c4f5550374acbc117fd4ecc05b5007bdfa57cc5355864e0a4 \
    --hash=sha256:c2d35a1d047efd68027817b32ab1586c1169e60ca02c65d428ae815b593e65d4 \
    --hash=sha256:d793bebb202a6000390a5390078e945bbb49855c29c7e4d56a85901326c3b5d9 \
    --hash=sha256:f0a1bc63a465b6d72569a9bba9f2ef0334c4e03958e043da1920299100bc7c08 \
    --hash=sha256:f2a9efc53d5b714b8df2b4b3e992accf8ce5bbdfe544d74d5c6766c9e1146a3a \
    --hash=sha256:f3bbbc998d42f8e561f347e798b85513ba4da324c2b3f9b7969e9c45b10f6169 \
    --hash=sha256:f9737bf36262046213a28e789cc82d82c6ef19c85a0cf05e75c670a33342ac2c
macholib==1.16.4 ; sys_platform == "darwin" \
    --hash=sha256:da1a3fa8266e30f0ce7e97c6a54eefaae8edd1e5f86f3eb8b95457cae90265ea
numpy==1.26.4 \
    --hash=sha256:03a8c78d01d9781b28a6989f6fa1bb2c4f2d51201cf99d3dd875df6fbd96b23b \
    --hash=sha256:08beddf13648eb95f8d867350f6a018a4be2e5ad54c8d8caed89ebca558b2818 \
    --hash=sha256:1dda2e7b4ec9dd512f84935c5f126c8bd8b9f2fc001e9f54af255e8c5f16b0e0 \
    --hash=sha256:50193e430acfc1346175fcbdaa28ffec49947a06918b7b92130744e81e640110 \
    --hash=sha256:675d61ffbfa78604709862923189bad94014bef562cc35cf61d3a07bba02a7ed \
    --hash=sha256:9fad7dcb1aac3c7f0584a5a8133e3a43eeb2fe127f47e3632d43d677c66c102b \
    --hash=sha256:ab47dbe5cc8210f55aa58e4805fe224dac469cde56b9f731a4c098b91917159a \
    --hash=sha256:b3ce300f3644fb06443ee2222c2201dd3a89ea6040541412b8fa189341847218
odmlib==0.1.4 \
    --hash=sha256:712e9204013a80923607f453ec5266fd05a0b7cae2a3b96ba35d2e1bcb57624d
openpyxl==3.1.5 \
    --hash=sha256:5282c12b107bffeef825f4617dc029afaf41d0ea60823bbb665ef3079dc79de2
packaging==26.2 \
    --hash=sha256:5fc45236b9446107ff2415ce77c807cee2862cb6fac22b8a73826d0693b0980e
pandas==2.1.4 \
    --hash=sha256:45d63d2a9b1b37fa6c84a68ba2422dc9ed018bdaa668c7f47566a01188ceeec1 \
    --hash=sha256:482d5076e1791777e1571f2e2d789e940dedd927325cc3cb6d0800c6304082f6 \
    --hash=sha256:8a706cfe7955c4ca59af8c7a0517370eafbd98593155b48f10f9811da440248b \
    --hash=sha256:b0513a132a15977b4a5b89aabd304647919bc2169eac4c8536afb29c07c23540 \
    --hash=sha256:e9f17f2b6fc076b2a0078862547595d66244db0f41bf79fc5f64a5c4d635bead \
    --hash=sha256:f69b0c9bb174a2342818d3e2778584e18c740d56857fc5cdb944ec8bbe4082cf
partd==1.4.2 \
    --hash=sha256:978e4ac767ec4ba5b86c6eaa52e5a2a3bc748a2ca839e8cc798f1cc6ce6efb0f
pathvalidate==3.3.1 \
    --hash=sha256:5263baab691f8e1af96092fa5137ee17df5bdfbd6cff1fcac4d6ef4bc2e1735f
ply==3.11 \
    --hash=sha256:096f9b8350b65ebd2fd1346b12452efe5b9607f7482813ffca50c22722a807ce
psutil==6.1.1 \
    --hash=sha256:0bdd4eab935276290ad3cb718e9809412895ca6b5b334f5a9111ee6d9aff9377 \
    --hash=sha256:33431e84fee02bc84ea36d9e2c4a6d395d479c9dd9bba2376c1f6ee8f3a4e0b3 \
    --hash=sha256:97f7cb9921fbec4904f522d972f0c0e1f4fabbdd4e0287813b21215074a0f160 \
    --hash=sha256:b6e06c20c05fe95a3d7302d74e7097756d4ba1247975ad6905441ae1b5b66003 \
    --hash=sha256:eaa912e0b11848c4d9279a93d7e2783df352b082f40111e078388701fd479e53 \
    --hash=sha256:f35cfccb065fff93529d2afb4a2e89e363fe63ca1e4a5da22b603a85833c2649 \
    --hash=sha256:fc0ed7fe2231a444fc219b9c42d0376e0a9a1a72f16c5cfa0f68d19f1a0663e8
pyarrow==24.0.0 \
    --hash=sha256:1617043b99bd33e5318ae18eb2919af09c71322ef1ca46566cdafc6e6712fb66 \
    --hash=sha256:25ea65d868eb04015cd18e6df2fbe98f07e5bda2abefabcb88fce39a947716f6 \
    --hash=sha256:295f0a7f2e242dabd513737cf076007dc5b2d59237e3eca37b05c0c6446f3826 \
    --hash=sha256:3b13dedfe76a0ad2d1d859b0811b53827a4e9d93a0bcb05cf59333ab4980cc7e \
    --hash=sha256:6165461f55ef6314f026de6638d661188e3455d3ec49834556a0ebbdbace18bb \
    --hash=sha256:6233c9ed9ab9d1db47de57d9753256d9dcffbf42db341576099f0fd9f6bf4810 \
    --hash=sha256:f7616236ec1bc2b15bfdec22a71ab38851c86f8f05ff64f379e1278cf20c634a
pyinstaller==6.11.0 \
    --hash=sha256:04f71828aa9531ab18c9656985c1f09b83d10332c73a1f4a113a48b491906955 \
    --hash=sha256:0e229610c22b96d741d905706f9496af472c1a9216a118988f393c98ecc3f51f \
    --hash=sha256:6fd68a3c1207635c49326c54881b89d5c3bd9ba061bbc9daa58c0902db1be39e \
    --hash=sha256:7d2cd2ebdcd6860f8a4abe2977264a7b6d260a7147047008971c7cfc66a656a4 \
    --hash=sha256:963dedc1f37144a4385f58f7f65f1c69c004a67faae522a2085b5ddb230c908b \
    --hash=sha256:a5f716bb507517912fda39d109dead91fc0dd2e7b2859562522b63c61aa21676 \
    --hash=sha256:a843d470768d68b05684ccf4860c45b2eb13727f41667c0b2cd8f57ae231bd18 \
    --hash=sha256:c71024c8a19c7b221b9152b2baff4c3ba849cada68dcdd34382ba09f0107451f \
    --hash=sha256:d9ec6d4398b4eebc1d4c00437716264ba8406bc2746f594e253070a82378a584 \
    --hash=sha256:e6d229009e815542833fe00332b589aa6984a06f794dc16f2ce1acab1c567590 \
    --hash=sha256:eddd53f231e51adc65088eac4f40057ca803a990239828d4a9229407fb866239
pyinstaller-hooks-contrib==2026.6 \
    --hash=sha256:fd13b8ac126b35361175edacd41a0d97080b75dd5f4b594ecefefff969509dd3
pympler==1.1 \
    --hash=sha256:5b223d6027d0619584116a0cbc28e8d2e378f7a79c1e5e024f9ff3b673c58506
pyreadstat==1.2.7 \
    --hash=sha256:3b2867a76ced9286942f8f75d50e8dcd2fd3601c12d1d1ed5c62d55f99747920 \
    --hash=sha256:6303c8acfd54607bd5d6334149a0051d4f5ce0458089e22e7ad876ad0c12d354 \
    --hash=sha256:6314a0fc91a0e56f29c91da5ac9502429006800487793f82eabc797205d4e224 \
    --hash=sha256:7656c368711e356babece8fba6a8780b800c7e1379cfda6f22d97081b60a7fb9 \
    --hash=sha256:d9a8ec8bde0e82f5e45a5906499deb3615d874e80bd36756c42c8a43bb5a59c9
python-dateutil==2.9.0.post0 \
    --hash=sha256:a8b2bc7bffae282281c8140a97d3aa9c14da0b136dfe83f850eea9a5f7470427
python-dotenv==1.0.0 \
    --hash=sha256:f5971a9226b701070a4bf2c38c89e5a3f0d64de8debda981d1db98583009122a
pytz==2026.2 \
    --hash=sha256:04156e608bee23d3792fd45c94ae47fae1036688e75032eea2e3bf0323d1f126
pyyaml==6.0.2 \
    --hash=sha256:0833f8694549e586547b576dcfaba4a6b55b9e96098b36cdc7ebefe667dfed48 \
    --hash=sha256:1f71ea527786de97d1a0cc0eacd1defc0985dcf6b3f17bb77dcfc8c34bec4dc5 \
    --hash=sha256:7e7401d0de89a9a855c839bc697c079a4af81cf878373abd7dc625847d25cbd8 \
    --hash=sha256:80bab7bfc629882493af4aa31a4cfa43a4c57c83813253626916b8c7ada83476 \
    --hash=sha256:8b9c7197f7cb2738065c481a0461e50ad02f18c78cd75775628afb4d7137fb3b \
    --hash=sha256:9b22676e8097e9e22e36d6b7bda33190d0d400f345f23d4065d48f4ca7ae0425 \
    --hash=sha256:c70c95198c015b85feafc136515252a261a84561b7b1d51e3384e0655ddf25ab \
    --hash=sha256:ce826d6ef20b1bc864f0a68340c8b3287705cae2f8b4b1d932177dcc76721725 \
    --hash=sha256:ef6107725bd54b262d6dedcc2af448a266975032bc85ef0172c5f059da6325b4
redis==4.5.0 \
    --hash=sha256:98d265eea4d2255f4d0ea98c53326adf30c0a581b6cfba9d77eefb341ed8145c
referencing==0.37.0 \
    --hash=sha256:381329a9f99628c9069361716891d34ad94af76e461dcb0335825aecc7692231
requests==2.32.5 \
    --hash=sha256:2462f94637a34fd532264295e186976db0f5d453d1cdd31473c85a6a161affb6
rpds-py==2026.5.1 \
    --hash=sha256:0408a24e44feb919423dc6d9da677cb5cddb894d2ca9e763967d156d9c60fab4 \
    --hash=sha256:0a7d1eec967df0e9b22614a5e177622e0c89611d03727fa0cb48e45028907870 \
    --hash=sha256:0fa92420128dadce7f54bd73ba1825a273e9268fe9e35dbf7e6362890efa4e08 \
    --hash=sha256:1841d067089e117142d79b98aa0df2f08b52f2ecc1819dd2700636c0db74a473 \
    --hash=sha256:3abe24a66e57adcfa645d718063a5fa5103ecc71ddbf26d78af8f9368018ff1d \
    --hash=sha256:40ff257542e04796880e011e15cd4dc21c2599975df2aaa8f2c8495ca574e1a5 \
    --hash=sha256:4be8b1d2a705cc37d08256004e1d07de143fa0075c8e85a3df020b776f62b732 \
    --hash=sha256:58b1d94308ddf0b1982f61f2eb54bf92997c9ece8a8093ef014250f4a517906c \
    --hash=sha256:66c93681c4729e4e3ecba31b8179fae083ff3118841672835140338b4b9867c1 \
    --hash=sha256:6736718bd4fc49cbcb538ba30516fdbef161522acefb739657d48b97bd864fed \
    --hash=sha256:b6825cc329b290e93c5f6a9be2393118a763f6ccf6abd83704e0c102ca583644 \
    --hash=sha256:c0f920015df2a504bebaba6d4c31ccf3fcf942f92655c086da30b671aad19aa6 \
    --hash=sha256:ca653c6546386227cd9800d1bef6a348099acf8db4250341da6d90f663d6dfcb \
    --hash=sha256:cea68bcd53467561ae2f96a6bdad1544299ba97b5b0ddcd5ac3d376e5c781c24 \
    --hash=sha256:de42116e69cb53b911cc34aee5ab98f36c597b822545045d49e938818b99e5e4
setuptools==75.6.0 \
    --hash=sha256:ce74b49e8f7110f9bf04883b730f4765b774ef3ef28f722cce7c273d253aaf7d
six==1.17.0 \
    --hash=sha256:4721f391ed90541fddacab5acf947aa0d3dc7d27b2e1e8eda2be8970586c3274
titlecase==2.4.1 \
    --hash=sha256:7d83a277ccbbda11a2944e78a63e5ccaf3d32f828c594312e4862f9a07f635f5
toolz==1.1.0 \
    --hash=sha256:15ccc861ac51c53696de0a5d6d4607f99c210739caf987b5d2054f3efed429d8
typing-extensions==4.15.0 \
    --hash=sha256:f0fa19c6845758ab08074a0cfa8b7aecb71c999ca73d62883bc25cc018c4e548
tzdata==2026.2 \
    --hash=sha256:bbe9af844f658da81a5f95019480da3a89415801f6cc966806612cc7169bffe7
urllib3==2.7.0 \
    --hash=sha256:9fb4c81ebbb1ce9531cce37674bbc6f1360472bc18ca9a553ede278ef7276897
validators==0.35.0 \
    --hash=sha256:e8c947097eae7892cb3d26868d637f79f47b4a0554bc6b80065dfe5aac3705dd
xmlschema==4.3.1 \
    --hash=sha256:9560314d70ae87be0aecb8712cfebed636f867707ccf9758d4b0645d607f64b9
zipp==4.1.0 \
    --hash=sha256:25ad4e16390cd314347dd8f1de67a2ac538ae658ed4ab9db16029c07c188e97f
